
Microsoft Visual Studio Solution File, Format Version 12.00
# Visual Studio Version 16
VisualStudioVersion = 16.0.30114.105
MinimumVisualStudioVersion = 10.0.40219.1
Project("{2150E333-8FDC-42A3-9474-1A3956D46DE8}") = "0.Solutions Items", "0.Solutions Items", "{F85ACE36-E25A-4821-B1E1-1FDD78126C28}"
	ProjectSection(SolutionItems) = preProject
		ReadMe.md = ReadMe.md
	EndProjectSection
EndProject
Project("{9A19103F-16F7-4668-BE54-9A1E7A4F7556}") = "Doan.Data", "Doan.Data\Doan.Data.csproj", "{96B18ED5-1D29-4705-A255-0735D4C2048D}"
EndProject
Project("{2150E333-8FDC-42A3-9474-1A3956D46DE8}") = "1.infastructure", "1.infastructure", "{A3CC74EE-7E74-4BF1-B565-C9D2E35A1753}"
EndProject
Project("{2150E333-8FDC-42A3-9474-1A3956D46DE8}") = "2.Domain", "2.Domain", "{EF33FBA8-50DF-4BD8-9576-EE7E50FD1D49}"
EndProject
Project("{9A19103F-16F7-4668-BE54-9A1E7A4F7556}") = "Doan.Application", "Doan.Application\Doan.Application.csproj", "{F434A243-03C1-4693-B038-BE2EC0313957}"
EndProject
Project("{9A19103F-16F7-4668-BE54-9A1E7A4F7556}") = "Doan.ViewModels", "Doan.ViewModels\Doan.ViewModels.csproj", "{15905825-B672-4B11-9DE1-409C73A4FCE1}"
EndProject
Project("{2150E333-8FDC-42A3-9474-1A3956D46DE8}") = "3.Host", "3.Host", "{63768564-DC7A-4F6A-AD08-0EDACE5B619E}"
EndProject
Project("{FAE04EC0-301F-11D3-BF4B-00C04F79EFBC}") = "Doan.BackendAPI", "Doan.BackendAPI\Doan.BackendAPI.csproj", "{0163053D-1ED0-419C-9ABE-904C62EE1239}"
EndProject
Project("{FAE04EC0-301F-11D3-BF4B-00C04F79EFBC}") = "Doan.Utilities", "Doan.Utilities\Doan.Utilities.csproj", "{3C4AE10F-A3FE-46ED-BBEC-83452F3EA732}"
EndProject
Global
	GlobalSection(SolutionConfigurationPlatforms) = preSolution
		Debug|Any CPU = Debug|Any CPU
		Release|Any CPU = Release|Any CPU
	EndGlobalSection
	GlobalSection(ProjectConfigurationPlatforms) = postSolution
		{96B18ED5-1D29-4705-A255-0735D4C2048D}.Debug|Any CPU.ActiveCfg = Debug|Any CPU
		{96B18ED5-1D29-4705-A255-0735D4C2048D}.Debug|Any CPU.Build.0 = Debug|Any CPU
		{96B18ED5-1D29-4705-A255-0735D4C2048D}.Release|Any CPU.ActiveCfg = Release|Any CPU
		{96B18ED5-1D29-4705-A255-0735D4C2048D}.Release|Any CPU.Build.0 = Release|Any CPU
		{F434A243-03C1-4693-B038-BE2EC0313957}.Debug|Any CPU.ActiveCfg = Debug|Any CPU
		{F434A243-03C1-4693-B038-BE2EC0313957}.Debug|Any CPU.Build.0 = Debug|Any CPU
		{F434A243-03C1-4693-B038-BE2EC0313957}.Release|Any CPU.ActiveCfg = Release|Any CPU
		{F434A243-03C1-4693-B038-BE2EC0313957}.Release|Any CPU.Build.0 = Release|Any CPU
		{15905825-B672-4B11-9DE1-409C73A4FCE1}.Debug|Any CPU.ActiveCfg = Debug|Any CPU
		{15905825-B672-4B11-9DE1-409C73A4FCE1}.Debug|Any CPU.Build.0 = Debug|Any CPU
		{15905825-B672-4B11-9DE1-409C73A4FCE1}.Release|Any CPU.ActiveCfg = Release|Any CPU
		{15905825-B672-4B11-9DE1-409C73A4FCE1}.Release|Any CPU.Build.0 = Release|Any CPU
		{0163053D-1ED0-419C-9ABE-904C62EE1239}.Debug|Any CPU.ActiveCfg = Debug|Any CPU
		{0163053D-1ED0-419C-9ABE-904C62EE1239}.Debug|Any CPU.Build.0 = Debug|Any CPU
		{0163053D-1ED0-419C-9ABE-904C62EE1239}.Release|Any CPU.ActiveCfg = Release|Any CPU
		{0163053D-1ED0-419C-9ABE-904C62EE1239}.Release|Any CPU.Build.0 = Release|Any CPU
		{3C4AE10F-A3FE-46ED-BBEC-83452F3EA732}.Debug|Any CPU.ActiveCfg = Debug|Any CPU
		{3C4AE10F-A3FE-46ED-BBEC-83452F3EA732}.Debug|Any CPU.Build.0 = Debug|Any CPU
		{3C4AE10F-A3FE-46ED-BBEC-83452F3EA732}.Release|Any CPU.ActiveCfg = Release|Any CPU
		{3C4AE10F-A3FE-46ED-BBEC-83452F3EA732}.Release|Any CPU.Build.0 = Release|Any CPU
	EndGlobalSection
	GlobalSection(SolutionProperties) = preSolution
		HideSolutionNode = FALSE
	EndGlobalSection
	GlobalSection(NestedProjects) = preSolution
		{96B18ED5-1D29-4705-A255-0735D4C2048D} = {EF33FBA8-50DF-4BD8-9576-EE7E50FD1D49}
		{F434A243-03C1-4693-B038-BE2EC0313957} = {EF33FBA8-50DF-4BD8-9576-EE7E50FD1D49}
		{15905825-B672-4B11-9DE1-409C73A4FCE1} = {A3CC74EE-7E74-4BF1-B565-C9D2E35A1753}
		{0163053D-1ED0-419C-9ABE-904C62EE1239} = {63768564-DC7A-4F6A-AD08-0EDACE5B619E}
		{3C4AE10F-A3FE-46ED-BBEC-83452F3EA732} = {A3CC74EE-7E74-4BF1-B565-C9D2E35A1753}
	EndGlobalSection
	GlobalSection(ExtensibilityGlobals) = postSolution
		SolutionGuid = {17BB9A41-7008-4078-A307-B69ED4E2D5A9}
	EndGlobalSection
EndGlobal
